
Microsoft Visual Studio Solution File, Format Version 12.00
# Visual Studio 15
Project("{FAE04EC0-301F-11D3-BF4B-00C04F79EFBC}") = "Browser.OpenAsync.Issue", "Browser.OpenAsync.Issue\Browser.OpenAsync.Issue.csproj", "{5A9C1D2F-C83E-4736-B1A5-6BBAAD8EF9AA}"
EndProject
Global
	GlobalSection(SolutionConfigurationPlatforms) = preSolution
		Debug|iPhoneSimulator = Debug|iPhoneSimulator
		Release|iPhoneSimulator = Release|iPhoneSimulator
		Debug|iPhone = Debug|iPhone
		Release|iPhone = Release|iPhone
	EndGlobalSection
	GlobalSection(ProjectConfigurationPlatforms) = postSolution
		{5A9C1D2F-C83E-4736-B1A5-6BBAAD8EF9AA}.Debug|iPhoneSimulator.ActiveCfg = Debug|iPhoneSimulator
		{5A9C1D2F-C83E-4736-B1A5-6BBAAD8EF9AA}.Debug|iPhoneSimulator.Build.0 = Debug|iPhoneSimulator
		{5A9C1D2F-C83E-4736-B1A5-6BBAAD8EF9AA}.Release|iPhoneSimulator.ActiveCfg = Release|iPhoneSimulator
		{5A9C1D2F-C83E-4736-B1A5-6BBAAD8EF9AA}.Release|iPhoneSimulator.Build.0 = Release|iPhoneSimulator
		{5A9C1D2F-C83E-4736-B1A5-6BBAAD8EF9AA}.Debug|iPhone.ActiveCfg = Debug|iPhone
		{5A9C1D2F-C83E-4736-B1A5-6BBAAD8EF9AA}.Debug|iPhone.Build.0 = Debug|iPhone
		{5A9C1D2F-C83E-4736-B1A5-6BBAAD8EF9AA}.Release|iPhone.ActiveCfg = Release|iPhone
		{5A9C1D2F-C83E-4736-B1A5-6BBAAD8EF9AA}.Release|iPhone.Build.0 = Release|iPhone
	EndGlobalSection
EndGlobal
